
Microsoft Visual Studio Solution File, Format Version 12.00
# Visual Studio Version 17
VisualStudioVersion = 17.4.33213.308
MinimumVisualStudioVersion = 10.0.40219.1
Project("{FAE04EC0-301F-11D3-BF4B-00C04F79EFBC}") = "HuseByg", "HuseByg\HuseByg.csproj", "{EAD9FE58-3A1E-4FEC-96F3-BF2F6AC5E5C1}"
EndProject
Global
	GlobalSection(SolutionConfigurationPlatforms) = preSolution
		Debug|Any CPU = Debug|Any CPU
		Release|Any CPU = Release|Any CPU
	EndGlobalSection
	GlobalSection(ProjectConfigurationPlatforms) = postSolution
		{EAD9FE58-3A1E-4FEC-96F3-BF2F6AC5E5C1}.Debug|Any CPU.ActiveCfg = Debug|Any CPU
		{EAD9FE58-3A1E-4FEC-96F3-BF2F6AC5E5C1}.Debug|Any CPU.Build.0 = Debug|Any CPU
		{EAD9FE58-3A1E-4FEC-96F3-BF2F6AC5E5C1}.Release|Any CPU.ActiveCfg = Release|Any CPU
		{EAD9FE58-3A1E-4FEC-96F3-BF2F6AC5E5C1}.Release|Any CPU.Build.0 = Release|Any CPU
	EndGlobalSection
	GlobalSection(SolutionProperties) = preSolution
		HideSolutionNode = FALSE
	EndGlobalSection
	GlobalSection(ExtensibilityGlobals) = postSolution
		SolutionGuid = {025B579D-544D-4691-8974-FF82B7582B9A}
	EndGlobalSection
EndGlobal
